
Microsoft Visual Studio Solution File, Format Version 12.00
Project("{FAE04EC0-301F-11D3-BF4B-00C04F79EFBC}") = "CarMiner", "CarMiner\CarMiner.csproj", "{66AB7F3D-B428-4BD7-9EAD-7EA8E12B7DF3}"
EndProject
Project("{FAE04EC0-301F-11D3-BF4B-00C04F79EFBC}") = "TestCarMiner", "TestCarMiner\TestCarMiner.csproj", "{146BF978-EABD-4378-B076-0D00BCD73AFF}"
EndProject
Global
	GlobalSection(SolutionConfigurationPlatforms) = preSolution
		Debug|Any CPU = Debug|Any CPU
		Release|Any CPU = Release|Any CPU
	EndGlobalSection
	GlobalSection(ProjectConfigurationPlatforms) = postSolution
		{66AB7F3D-B428-4BD7-9EAD-7EA8E12B7DF3}.Debug|Any CPU.ActiveCfg = Debug|Any CPU
		{66AB7F3D-B428-4BD7-9EAD-7EA8E12B7DF3}.Debug|Any CPU.Build.0 = Debug|Any CPU
		{66AB7F3D-B428-4BD7-9EAD-7EA8E12B7DF3}.Release|Any CPU.ActiveCfg = Release|Any CPU
		{66AB7F3D-B428-4BD7-9EAD-7EA8E12B7DF3}.Release|Any CPU.Build.0 = Release|Any CPU
		{146BF978-EABD-4378-B076-0D00BCD73AFF}.Debug|Any CPU.ActiveCfg = Debug|Any CPU
		{146BF978-EABD-4378-B076-0D00BCD73AFF}.Debug|Any CPU.Build.0 = Debug|Any CPU
		{146BF978-EABD-4378-B076-0D00BCD73AFF}.Release|Any CPU.ActiveCfg = Release|Any CPU
		{146BF978-EABD-4378-B076-0D00BCD73AFF}.Release|Any CPU.Build.0 = Release|Any CPU
	EndGlobalSection
EndGlobal
